// !$*UTF8*$!
{
	archiveVersion = 1;
	classes = {
	};
	objectVersion = 46;
	objects = {

/* Begin PBXBuildFile section */
		4621F46D18BAF40B0017E92B /* SearchViewController.m in Sources */ = {isa = PBXBuildFile; fileRef = 4621F46C18BAF40B0017E92B /* SearchViewController.m */; };
		467F2AB4186EBF6B0074AFB3 /* News.m in Sources */ = {isa = PBXBuildFile; fileRef = 467F2AB3186EBF6B0074AFB3 /* News.m */; };
		4684981518952503001EE057 /* CategoryViewController.m in Sources */ = {isa = PBXBuildFile; fileRef = 4684981418952503001EE057 /* CategoryViewController.m */; };
		468B41C218A340E10036E113 /* HtmlParserclass.m in Sources */ = {isa = PBXBuildFile; fileRef = 468B41C118A340E10036E113 /* HtmlParserclass.m */; };
		469317FA186D9A4C00005860 /* UIKit.framework in Frameworks */ = {isa = PBXBuildFile; fileRef = 469317F9186D9A4C00005860 /* UIKit.framework */; };
		469317FC186D9A4C00005860 /* Foundation.framework in Frameworks */ = {isa = PBXBuildFile; fileRef = 469317FB186D9A4C00005860 /* Foundation.framework */; };
		469317FE186D9A4C00005860 /* CoreGraphics.framework in Frameworks */ = {isa = PBXBuildFile; fileRef = 469317FD186D9A4C00005860 /* CoreGraphics.framework */; };
		46931804186D9A4C00005860 /* InfoPlist.strings in Resources */ = {isa = PBXBuildFile; fileRef = 46931802186D9A4C00005860 /* InfoPlist.strings */; };
		46931806186D9A4C00005860 /* main.m in Sources */ = {isa = PBXBuildFile; fileRef = 46931805186D9A4C00005860 /* main.m */; };
		4693180A186D9A4C00005860 /* AppDelegate.m in Sources */ = {isa = PBXBuildFile; fileRef = 46931809186D9A4C00005860 /* AppDelegate.m */; };
		4693180C186D9A4C00005860 /* Default.png in Resources */ = {isa = PBXBuildFile; fileRef = 4693180B186D9A4C00005860 /* Default.png */; };
		4693180E186D9A4C00005860 /* Default@2x.png in Resources */ = {isa = PBXBuildFile; fileRef = 4693180D186D9A4C00005860 /* Default@2x.png */; };
		46931810186D9A4C00005860 /* Default-568h@2x.png in Resources */ = {isa = PBXBuildFile; fileRef = 4693180F186D9A4C00005860 /* Default-568h@2x.png */; };
		46931813186D9A4C00005860 /* MainStoryboard.storyboard in Resources */ = {isa = PBXBuildFile; fileRef = 46931811186D9A4C00005860 /* MainStoryboard.storyboard */; };
		46931816186D9A4C00005860 /* NewsArticleViewController.m in Sources */ = {isa = PBXBuildFile; fileRef = 46931815186D9A4C00005860 /* NewsArticleViewController.m */; };
		4693181E186D9B5D00005860 /* MainNewsViewController.m in Sources */ = {isa = PBXBuildFile; fileRef = 4693181D186D9B5D00005860 /* MainNewsViewController.m */; };
		469D14AF18929F800011834B /* Fliter.m in Sources */ = {isa = PBXBuildFile; fileRef = 469D14AE18929F800011834B /* Fliter.m */; };
		46A06F6B18A8EA69008A3777 /* HTMLNode.m in Sources */ = {isa = PBXBuildFile; fileRef = 46A06F6818A8EA69008A3777 /* HTMLNode.m */; };
		46A06F6C18A8EA69008A3777 /* HTMLParser.m in Sources */ = {isa = PBXBuildFile; fileRef = 46A06F6A18A8EA69008A3777 /* HTMLParser.m */; };
		46A06F6E18A8EAA0008A3777 /* libxml2.dylib in Frameworks */ = {isa = PBXBuildFile; fileRef = 46A06F6D18A8EAA0008A3777 /* libxml2.dylib */; };
		885D048518B8B56900000F5A /* SettingViewController.m in Sources */ = {isa = PBXBuildFile; fileRef = 885D048418B8B56900000F5A /* SettingViewController.m */; };
		88DD456A18BEF19100375190 /* category_normal.png in Resources */ = {isa = PBXBuildFile; fileRef = 88DD456818BEF19100375190 /* category_normal.png */; };
		88DD456B18BEF19100375190 /* search_normal.png in Resources */ = {isa = PBXBuildFile; fileRef = 88DD456918BEF19100375190 /* search_normal.png */; };
		88DD456D18BEF1AB00375190 /* newspaper_normal.png in Resources */ = {isa = PBXBuildFile; fileRef = 88DD456C18BEF1AB00375190 /* newspaper_normal.png */; };
		88DD456F18BEF1CC00375190 /* setting_normal.png in Resources */ = {isa = PBXBuildFile; fileRef = 88DD456E18BEF1CC00375190 /* setting_normal.png */; };
		88DD457118BEF2CF00375190 /* Sunflower.gif in Resources */ = {isa = PBXBuildFile; fileRef = 88DD457018BEF2CF00375190 /* Sunflower.gif */; };
/* End PBXBuildFile section */

/* Begin PBXFileReference section */
		4621F46B18BAF40B0017E92B /* SearchViewController.h */ = {isa = PBXFileReference; fileEncoding = 4; lastKnownFileType = sourcecode.c.h; path = SearchViewController.h; sourceTree = "<group>"; };
		4621F46C18BAF40B0017E92B /* SearchViewController.m */ = {isa = PBXFileReference; fileEncoding = 4; lastKnownFileType = sourcecode.c.objc; path = SearchViewController.m; sourceTree = "<group>"; };
		467F2AB2186EBF6B0074AFB3 /* News.h */ = {isa = PBXFileReference; fileEncoding = 4; lastKnownFileType = sourcecode.c.h; path = News.h; sourceTree = "<group>"; };
		467F2AB3186EBF6B0074AFB3 /* News.m */ = {isa = PBXFileReference; fileEncoding = 4; lastKnownFileType = sourcecode.c.objc; path = News.m; sourceTree = "<group>"; };
		4684981318952503001EE057 /* CategoryViewController.h */ = {isa = PBXFileReference; fileEncoding = 4; lastKnownFileType = sourcecode.c.h; path = CategoryViewController.h; sourceTree = "<group>"; };
		4684981418952503001EE057 /* CategoryViewController.m */ = {isa = PBXFileReference; fileEncoding = 4; lastKnownFileType = sourcecode.c.objc; path = CategoryViewController.m; sourceTree = "<group>"; };
		468B41C018A340E10036E113 /* HtmlParserclass.h */ = {isa = PBXFileReference; fileEncoding = 4; lastKnownFileType = sourcecode.c.h; path = HtmlParserclass.h; sourceTree = "<group>"; };
		468B41C118A340E10036E113 /* HtmlParserclass.m */ = {isa = PBXFileReference; fileEncoding = 4; lastKnownFileType = sourcecode.c.objc; path = HtmlParserclass.m; sourceTree = "<group>"; };
		469317F6186D9A4C00005860 /* StoryboardNavigation.app */ = {isa = PBXFileReference; explicitFileType = wrapper.application; includeInIndex = 0; path = StoryboardNavigation.app; sourceTree = BUILT_PRODUCTS_DIR; };
		469317F9186D9A4C00005860 /* UIKit.framework */ = {isa = PBXFileReference; lastKnownFileType = wrapper.framework; name = UIKit.framework; path = System/Library/Frameworks/UIKit.framework; sourceTree = SDKROOT; };
		469317FB186D9A4C00005860 /* Foundation.framework */ = {isa = PBXFileReference; lastKnownFileType = wrapper.framework; name = Foundation.framework; path = System/Library/Frameworks/Foundation.framework; sourceTree = SDKROOT; };
		469317FD186D9A4C00005860 /* CoreGraphics.framework */ = {isa = PBXFileReference; lastKnownFileType = wrapper.framework; name = CoreGraphics.framework; path = System/Library/Frameworks/CoreGraphics.framework; sourceTree = SDKROOT; };
		46931801186D9A4C00005860 /* StoryboardNavigation-Info.plist */ = {isa = PBXFileReference; lastKnownFileType = text.plist.xml; path = "StoryboardNavigation-Info.plist"; sourceTree = "<group>"; };
		46931803186D9A4C00005860 /* en */ = {isa = PBXFileReference; lastKnownFileType = text.plist.strings; name = en; path = en.lproj/InfoPlist.strings; sourceTree = "<group>"; };
		46931805186D9A4C00005860 /* main.m */ = {isa = PBXFileReference; lastKnownFileType = sourcecode.c.objc; path = main.m; sourceTree = "<group>"; };
		46931807186D9A4C00005860 /* StoryboardNavigation-Prefix.pch */ = {isa = PBXFileReference; lastKnownFileType = sourcecode.c.h; path = "StoryboardNavigation-Prefix.pch"; sourceTree = "<group>"; };
		46931808186D9A4C00005860 /* AppDelegate.h */ = {isa = PBXFileReference; lastKnownFileType = sourcecode.c.h; path = AppDelegate.h; sourceTree = "<group>"; };
		46931809186D9A4C00005860 /* AppDelegate.m */ = {isa = PBXFileReference; lastKnownFileType = sourcecode.c.objc; path = AppDelegate.m; sourceTree = "<group>"; };
		4693180B186D9A4C00005860 /* Default.png */ = {isa = PBXFileReference; lastKnownFileType = image.png; path = Default.png; sourceTree = "<group>"; };
		4693180D186D9A4C00005860 /* Default@2x.png */ = {isa = PBXFileReference; lastKnownFileType = image.png; path = "Default@2x.png"; sourceTree = "<group>"; };
		4693180F186D9A4C00005860 /* Default-568h@2x.png */ = {isa = PBXFileReference; lastKnownFileType = image.png; path = "Default-568h@2x.png"; sourceTree = "<group>"; };
		46931812186D9A4C00005860 /* en */ = {isa = PBXFileReference; lastKnownFileType = file.storyboard; name = en; path = en.lproj/MainStoryboard.storyboard; sourceTree = "<group>"; };
		46931814186D9A4C00005860 /* NewsArticleViewController.h */ = {isa = PBXFileReference; lastKnownFileType = sourcecode.c.h; path = NewsArticleViewController.h; sourceTree = "<group>"; };
		46931815186D9A4C00005860 /* NewsArticleViewController.m */ = {isa = PBXFileReference; lastKnownFileType = sourcecode.c.objc; path = NewsArticleViewController.m; sourceTree = "<group>"; };
		4693181C186D9B5D00005860 /* MainNewsViewController.h */ = {isa = PBXFileReference; fileEncoding = 4; lastKnownFileType = sourcecode.c.h; path = MainNewsViewController.h; sourceTree = "<group>"; };
		4693181D186D9B5D00005860 /* MainNewsViewController.m */ = {isa = PBXFileReference; fileEncoding = 4; lastKnownFileType = sourcecode.c.objc; path = MainNewsViewController.m; sourceTree = "<group>"; };
		469D14AD18929F800011834B /* Fliter.h */ = {isa = PBXFileReference; fileEncoding = 4; lastKnownFileType = sourcecode.c.h; path = Fliter.h; sourceTree = "<group>"; };
		469D14AE18929F800011834B /* Fliter.m */ = {isa = PBXFileReference; fileEncoding = 4; lastKnownFileType = sourcecode.c.objc; path = Fliter.m; sourceTree = "<group>"; };
		46A06F6718A8EA69008A3777 /* HTMLNode.h */ = {isa = PBXFileReference; fileEncoding = 4; lastKnownFileType = sourcecode.c.h; path = HTMLNode.h; sourceTree = "<group>"; };
		46A06F6818A8EA69008A3777 /* HTMLNode.m */ = {isa = PBXFileReference; fileEncoding = 4; lastKnownFileType = sourcecode.c.objc; path = HTMLNode.m; sourceTree = "<group>"; };
		46A06F6918A8EA69008A3777 /* HTMLParser.h */ = {isa = PBXFileReference; fileEncoding = 4; lastKnownFileType = sourcecode.c.h; path = HTMLParser.h; sourceTree = "<group>"; };
		46A06F6A18A8EA69008A3777 /* HTMLParser.m */ = {isa = PBXFileReference; fileEncoding = 4; lastKnownFileType = sourcecode.c.objc; path = HTMLParser.m; sourceTree = "<group>"; };
		46A06F6D18A8EAA0008A3777 /* libxml2.dylib */ = {isa = PBXFileReference; lastKnownFileType = "compiled.mach-o.dylib"; name = libxml2.dylib; path = usr/lib/libxml2.dylib; sourceTree = SDKROOT; };
		885D048318B8B56900000F5A /* SettingViewController.h */ = {isa = PBXFileReference; fileEncoding = 4; lastKnownFileType = sourcecode.c.h; path = SettingViewController.h; sourceTree = "<group>"; };
		885D048418B8B56900000F5A /* SettingViewController.m */ = {isa = PBXFileReference; fileEncoding = 4; lastKnownFileType = sourcecode.c.objc; path = SettingViewController.m; sourceTree = "<group>"; };
		88DD456818BEF19100375190 /* category_normal.png */ = {isa = PBXFileReference; lastKnownFileType = image.png; name = category_normal.png; path = "../../Dropbox/Capstone/GUI/검색/images/category_normal.png"; sourceTree = "<group>"; };
		88DD456918BEF19100375190 /* search_normal.png */ = {isa = PBXFileReference; lastKnownFileType = image.png; name = search_normal.png; path = "../../Dropbox/Capstone/GUI/검색/images/search_normal.png"; sourceTree = "<group>"; };
		88DD456C18BEF1AB00375190 /* newspaper_normal.png */ = {isa = PBXFileReference; lastKnownFileType = image.png; name = newspaper_normal.png; path = "../../Dropbox/Capstone/GUI 복사본/신문사별보기/images/newspaper_normal.png"; sourceTree = "<group>"; };
		88DD456E18BEF1CC00375190 /* setting_normal.png */ = {isa = PBXFileReference; lastKnownFileType = image.png; name = setting_normal.png; path = "../../Dropbox/Capstone/GUI/설정/images/setting_normal.png"; sourceTree = "<group>"; };
		88DD457018BEF2CF00375190 /* Sunflower.gif */ = {isa = PBXFileReference; lastKnownFileType = image.gif; name = Sunflower.gif; path = "../../../../Library/Application Support/Apple/iChat Icons/Flowers/Sunflower.gif"; sourceTree = "<group>"; };
/* End PBXFileReference section */

/* Begin PBXFrameworksBuildPhase section */
		469317F3186D9A4C00005860 /* Frameworks */ = {
			isa = PBXFrameworksBuildPhase;
			buildActionMask = 2147483647;
			files = (
				46A06F6E18A8EAA0008A3777 /* libxml2.dylib in Frameworks */,
				469317FA186D9A4C00005860 /* UIKit.framework in Frameworks */,
				469317FC186D9A4C00005860 /* Foundation.framework in Frameworks */,
				469317FE186D9A4C00005860 /* CoreGraphics.framework in Frameworks */,
			);
			runOnlyForDeploymentPostprocessing = 0;
		};
/* End PBXFrameworksBuildPhase section */

/* Begin PBXGroup section */
		4626B85818A4C4D800EDFB62 /* Image */ = {
			isa = PBXGroup;
			children = (
			);
			name = Image;
			path = ..;
			sourceTree = "<group>";
		};
		469317ED186D9A4B00005860 = {
			isa = PBXGroup;
			children = (
				469317FF186D9A4C00005860 /* StoryboardNavigation */,
				469317F8186D9A4C00005860 /* Frameworks */,
				469317F7186D9A4C00005860 /* Products */,
			);
			sourceTree = "<group>";
		};
		469317F7186D9A4C00005860 /* Products */ = {
			isa = PBXGroup;
			children = (
				469317F6186D9A4C00005860 /* StoryboardNavigation.app */,
			);
			name = Products;
			sourceTree = "<group>";
		};
		469317F8186D9A4C00005860 /* Frameworks */ = {
			isa = PBXGroup;
			children = (
				46A06F6D18A8EAA0008A3777 /* libxml2.dylib */,
				469317F9186D9A4C00005860 /* UIKit.framework */,
				469317FB186D9A4C00005860 /* Foundation.framework */,
				469317FD186D9A4C00005860 /* CoreGraphics.framework */,
			);
			name = Frameworks;
			sourceTree = "<group>";
		};
		469317FF186D9A4C00005860 /* StoryboardNavigation */ = {
			isa = PBXGroup;
			children = (
				88DD457018BEF2CF00375190 /* Sunflower.gif */,
				88DD456E18BEF1CC00375190 /* setting_normal.png */,
				88DD456C18BEF1AB00375190 /* newspaper_normal.png */,
				88DD456818BEF19100375190 /* category_normal.png */,
				88DD456918BEF19100375190 /* search_normal.png */,
				46A06F6618A8E8C7008A3777 /* Parser */,
				46931808186D9A4C00005860 /* AppDelegate.h */,
				46931809186D9A4C00005860 /* AppDelegate.m */,
				46931811186D9A4C00005860 /* MainStoryboard.storyboard */,
				4621F46B18BAF40B0017E92B /* SearchViewController.h */,
				4621F46C18BAF40B0017E92B /* SearchViewController.m */,
				4684981318952503001EE057 /* CategoryViewController.h */,
				4684981418952503001EE057 /* CategoryViewController.m */,
				4693181C186D9B5D00005860 /* MainNewsViewController.h */,
				4693181D186D9B5D00005860 /* MainNewsViewController.m */,
				469D14AD18929F800011834B /* Fliter.h */,
				469D14AE18929F800011834B /* Fliter.m */,
				467F2AB2186EBF6B0074AFB3 /* News.h */,
				467F2AB3186EBF6B0074AFB3 /* News.m */,
				46931814186D9A4C00005860 /* NewsArticleViewController.h */,
				46931815186D9A4C00005860 /* NewsArticleViewController.m */,
				468B41C018A340E10036E113 /* HtmlParserclass.h */,
				468B41C118A340E10036E113 /* HtmlParserclass.m */,
				885D048318B8B56900000F5A /* SettingViewController.h */,
				885D048418B8B56900000F5A /* SettingViewController.m */,
				4626B85818A4C4D800EDFB62 /* Image */,
				46931800186D9A4C00005860 /* Supporting Files */,
			);
			path = StoryboardNavigation;
			sourceTree = "<group>";
		};
		46931800186D9A4C00005860 /* Supporting Files */ = {
			isa = PBXGroup;
			children = (
				46931801186D9A4C00005860 /* StoryboardNavigation-Info.plist */,
				46931802186D9A4C00005860 /* InfoPlist.strings */,
				46931805186D9A4C00005860 /* main.m */,
				46931807186D9A4C00005860 /* StoryboardNavigation-Prefix.pch */,
				4693180B186D9A4C00005860 /* Default.png */,
				4693180D186D9A4C00005860 /* Default@2x.png */,
				4693180F186D9A4C00005860 /* Default-568h@2x.png */,
			);
			name = "Supporting Files";
			sourceTree = "<group>";
		};
		46A06F6618A8E8C7008A3777 /* Parser */ = {
			isa = PBXGroup;
			children = (
				46A06F6718A8EA69008A3777 /* HTMLNode.h */,
				46A06F6818A8EA69008A3777 /* HTMLNode.m */,
				46A06F6918A8EA69008A3777 /* HTMLParser.h */,
				46A06F6A18A8EA69008A3777 /* HTMLParser.m */,
			);
			name = Parser;
			sourceTree = "<group>";
		};
/* End PBXGroup section */

/* Begin PBXNativeTarget section */
		469317F5186D9A4C00005860 /* StoryboardNavigation */ = {
			isa = PBXNativeTarget;
			buildConfigurationList = 46931819186D9A4C00005860 /* Build configuration list for PBXNativeTarget "StoryboardNavigation" */;
			buildPhases = (
				469317F2186D9A4C00005860 /* Sources */,
				469317F3186D9A4C00005860 /* Frameworks */,
				469317F4186D9A4C00005860 /* Resources */,
			);
			buildRules = (
			);
			dependencies = (
			);
			name = StoryboardNavigation;
			productName = StoryboardNavigation;
			productReference = 469317F6186D9A4C00005860 /* StoryboardNavigation.app */;
			productType = "com.apple.product-type.application";
		};
/* End PBXNativeTarget section */

/* Begin PBXProject section */
		469317EE186D9A4B00005860 /* Project object */ = {
			isa = PBXProject;
			attributes = {
				LastUpgradeCheck = 0460;
				ORGANIZATIONNAME = "김사랑";
			};
			buildConfigurationList = 469317F1186D9A4B00005860 /* Build configuration list for PBXProject "StoryboardNavigation" */;
			compatibilityVersion = "Xcode 3.2";
			developmentRegion = English;
			hasScannedForEncodings = 0;
			knownRegions = (
				en,
			);
			mainGroup = 469317ED186D9A4B00005860;
			productRefGroup = 469317F7186D9A4C00005860 /* Products */;
			projectDirPath = "";
			projectRoot = "";
			targets = (
				469317F5186D9A4C00005860 /* StoryboardNavigation */,
			);
		};
/* End PBXProject section */

/* Begin PBXResourcesBuildPhase section */
		469317F4186D9A4C00005860 /* Resources */ = {
			isa = PBXResourcesBuildPhase;
			buildActionMask = 2147483647;
			files = (
				88DD457118BEF2CF00375190 /* Sunflower.gif in Resources */,
				88DD456B18BEF19100375190 /* search_normal.png in Resources */,
				88DD456A18BEF19100375190 /* category_normal.png in Resources */,
				46931804186D9A4C00005860 /* InfoPlist.strings in Resources */,
				4693180C186D9A4C00005860 /* Default.png in Resources */,
				88DD456D18BEF1AB00375190 /* newspaper_normal.png in Resources */,
				4693180E186D9A4C00005860 /* Default@2x.png in Resources */,
				46931810186D9A4C00005860 /* Default-568h@2x.png in Resources */,
				88DD456F18BEF1CC00375190 /* setting_normal.png in Resources */,
				46931813186D9A4C00005860 /* MainStoryboard.storyboard in Resources */,
			);
			runOnlyForDeploymentPostprocessing = 0;
		};
/* End PBXResourcesBuildPhase section */

/* Begin PBXSourcesBuildPhase section */
		469317F2186D9A4C00005860 /* Sources */ = {
			isa = PBXSourcesBuildPhase;
			buildActionMask = 2147483647;
			files = (
				46A06F6B18A8EA69008A3777 /* HTMLNode.m in Sources */,
				46A06F6C18A8EA69008A3777 /* HTMLParser.m in Sources */,
				46931806186D9A4C00005860 /* main.m in Sources */,
				4693180A186D9A4C00005860 /* AppDelegate.m in Sources */,
				4684981518952503001EE057 /* CategoryViewController.m in Sources */,
				46931816186D9A4C00005860 /* NewsArticleViewController.m in Sources */,
				469D14AF18929F800011834B /* Fliter.m in Sources */,
				468B41C218A340E10036E113 /* HtmlParserclass.m in Sources */,
				4693181E186D9B5D00005860 /* MainNewsViewController.m in Sources */,
				885D048518B8B56900000F5A /* SettingViewController.m in Sources */,
				4621F46D18BAF40B0017E92B /* SearchViewController.m in Sources */,
				467F2AB4186EBF6B0074AFB3 /* News.m in Sources */,
			);
			runOnlyForDeploymentPostprocessing = 0;
		};
/* End PBXSourcesBuildPhase section */

/* Begin PBXVariantGroup section */
		46931802186D9A4C00005860 /* InfoPlist.strings */ = {
			isa = PBXVariantGroup;
			children = (
				46931803186D9A4C00005860 /* en */,
			);
			name = InfoPlist.strings;
			sourceTree = "<group>";
		};
		46931811186D9A4C00005860 /* MainStoryboard.storyboard */ = {
			isa = PBXVariantGroup;
			children = (
				46931812186D9A4C00005860 /* en */,
			);
			name = MainStoryboard.storyboard;
			sourceTree = "<group>";
		};
/* End PBXVariantGroup section */

/* Begin XCBuildConfiguration section */
		46931817186D9A4C00005860 /* Debug */ = {
			isa = XCBuildConfiguration;
			buildSettings = {
				ALWAYS_SEARCH_USER_PATHS = NO;
				CLANG_CXX_LANGUAGE_STANDARD = "gnu++0x";
				CLANG_CXX_LIBRARY = "libc++";
				CLANG_ENABLE_OBJC_ARC = NO;
				CLANG_WARN_CONSTANT_CONVERSION = YES;
				CLANG_WARN_EMPTY_BODY = YES;
				CLANG_WARN_ENUM_CONVERSION = YES;
				CLANG_WARN_INT_CONVERSION = YES;
				CLANG_WARN__DUPLICATE_METHOD_MATCH = YES;
				"CODE_SIGN_IDENTITY[sdk=iphoneos*]" = "iPhone Developer";
				COPY_PHASE_STRIP = NO;
				GCC_C_LANGUAGE_STANDARD = gnu99;
				GCC_DYNAMIC_NO_PIC = NO;
				GCC_OPTIMIZATION_LEVEL = 0;
				GCC_PREPROCESSOR_DEFINITIONS = (
					"DEBUG=1",
					"$(inherited)",
				);
				GCC_SYMBOLS_PRIVATE_EXTERN = NO;
				GCC_WARN_ABOUT_RETURN_TYPE = YES;
				GCC_WARN_UNINITIALIZED_AUTOS = YES;
				GCC_WARN_UNUSED_VARIABLE = YES;
				IPHONEOS_DEPLOYMENT_TARGET = 6.1;
				ONLY_ACTIVE_ARCH = YES;
				SDKROOT = iphoneos;
			};
			name = Debug;
		};
		46931818186D9A4C00005860 /* Release */ = {
			isa = XCBuildConfiguration;
			buildSettings = {
				ALWAYS_SEARCH_USER_PATHS = NO;
				CLANG_CXX_LANGUAGE_STANDARD = "gnu++0x";
				CLANG_CXX_LIBRARY = "libc++";
				CLANG_ENABLE_OBJC_ARC = NO;
				CLANG_WARN_CONSTANT_CONVERSION = YES;
				CLANG_WARN_EMPTY_BODY = YES;
				CLANG_WARN_ENUM_CONVERSION = YES;
				CLANG_WARN_INT_CONVERSION = YES;
				CLANG_WARN__DUPLICATE_METHOD_MATCH = YES;
				"CODE_SIGN_IDENTITY[sdk=iphoneos*]" = "iPhone Developer";
				COPY_PHASE_STRIP = YES;
				GCC_C_LANGUAGE_STANDARD = gnu99;
				GCC_WARN_ABOUT_RETURN_TYPE = YES;
				GCC_WARN_UNINITIALIZED_AUTOS = YES;
				GCC_WARN_UNUSED_VARIABLE = YES;
				IPHONEOS_DEPLOYMENT_TARGET = 6.1;
				OTHER_CFLAGS = "-DNS_BLOCK_ASSERTIONS=1";
				SDKROOT = iphoneos;
				VALIDATE_PRODUCT = YES;
			};
			name = Release;
		};
		4693181A186D9A4C00005860 /* Debug */ = {
			isa = XCBuildConfiguration;
			buildSettings = {
				ALWAYS_SEARCH_USER_PATHS = YES;
				CLANG_ENABLE_OBJC_ARC = NO;
				CODE_SIGN_IDENTITY = "iPhone Developer";
				GCC_PRECOMPILE_PREFIX_HEADER = YES;
				GCC_PREFIX_HEADER = "StoryboardNavigation/StoryboardNavigation-Prefix.pch";
				HEADER_SEARCH_PATHS = (
					"$(inherited)",
					/usr/include/libxml2,
					"/Applications/Xcode\\ 2.app/Contents/Developer/Toolchains/XcodeDefault.xctoolchain/usr/include",
				);
				INFOPLIST_FILE = "StoryboardNavigation/StoryboardNavigation-Info.plist";
				OTHER_LDFLAGS = "-lxml2";
				PRODUCT_NAME = "$(TARGET_NAME)";
				WRAPPER_EXTENSION = app;
			};
			name = Debug;
		};
		4693181B186D9A4C00005860 /* Release */ = {
			isa = XCBuildConfiguration;
			buildSettings = {
				ALWAYS_SEARCH_USER_PATHS = YES;
				CLANG_ENABLE_OBJC_ARC = NO;
				CODE_SIGN_IDENTITY = "iPhone Developer";
				GCC_PRECOMPILE_PREFIX_HEADER = YES;
				GCC_PREFIX_HEADER = "StoryboardNavigation/StoryboardNavigation-Prefix.pch";
				HEADER_SEARCH_PATHS = (
					"$(inherited)",
					/usr/include/libxml2,
					"/Applications/Xcode\\ 2.app/Contents/Developer/Toolchains/XcodeDefault.xctoolchain/usr/include",
				);
				INFOPLIST_FILE = "StoryboardNavigation/StoryboardNavigation-Info.plist";
				ONLY_ACTIVE_ARCH = YES;
				OTHER_LDFLAGS = "-lxml2";
				PRODUCT_NAME = "$(TARGET_NAME)";
				WRAPPER_EXTENSION = app;
			};
			name = Release;
		};
/* End XCBuildConfiguration section */

/* Begin XCConfigurationList section */
		469317F1186D9A4B00005860 /* Build configuration list for PBXProject "StoryboardNavigation" */ = {
			isa = XCConfigurationList;
			buildConfigurations = (
				46931817186D9A4C00005860 /* Debug */,
				46931818186D9A4C00005860 /* Release */,
			);
			defaultConfigurationIsVisible = 0;
			defaultConfigurationName = Release;
		};
		46931819186D9A4C00005860 /* Build configuration list for PBXNativeTarget "StoryboardNavigation" */ = {
			isa = XCConfigurationList;
			buildConfigurations = (
				4693181A186D9A4C00005860 /* Debug */,
				4693181B186D9A4C00005860 /* Release */,
			);
			defaultConfigurationIsVisible = 0;
			defaultConfigurationName = Release;
		};
/* End XCConfigurationList section */
	};
	rootObject = 469317EE186D9A4B00005860 /* Project object */;
}
